
Microsoft Visual Studio Solution File, Format Version 12.00
# Visual Studio Version 17
VisualStudioVersion = 17.0.31903.59
MinimumVisualStudioVersion = 10.0.40219.1
Project("{2150E333-8FDC-42A3-9474-1A3956D46DE8}") = "Samples", "Samples", "{A854CAB5-BC57-4E81-8AEA-C0DD92D6431B}"
EndProject
Project("{FAE04EC0-301F-11D3-BF4B-00C04F79EFBC}") = "Sales", "Samples\Sales\Sales.csproj", "{8225BACC-DFE5-4ED7-948C-6A95F65D9772}"
EndProject
Project("{2150E333-8FDC-42A3-9474-1A3956D46DE8}") = "src", "src", "{8EC97C92-7213-450C-ADD0-7487EA3DB769}"
EndProject
Project("{FAE04EC0-301F-11D3-BF4B-00C04F79EFBC}") = "RuculaX.Swagger", "src\Rucula.Swagger\RuculaX.Swagger.csproj", "{8C62B952-7C1E-4659-8EB5-F1A5BFE88237}"
EndProject
Global
	GlobalSection(SolutionConfigurationPlatforms) = preSolution
		Debug|Any CPU = Debug|Any CPU
		Release|Any CPU = Release|Any CPU
	EndGlobalSection
	GlobalSection(ProjectConfigurationPlatforms) = postSolution
		{8225BACC-DFE5-4ED7-948C-6A95F65D9772}.Debug|Any CPU.ActiveCfg = Debug|Any CPU
		{8225BACC-DFE5-4ED7-948C-6A95F65D9772}.Debug|Any CPU.Build.0 = Debug|Any CPU
		{8225BACC-DFE5-4ED7-948C-6A95F65D9772}.Release|Any CPU.ActiveCfg = Release|Any CPU
		{8225BACC-DFE5-4ED7-948C-6A95F65D9772}.Release|Any CPU.Build.0 = Release|Any CPU
		{8C62B952-7C1E-4659-8EB5-F1A5BFE88237}.Debug|Any CPU.ActiveCfg = Debug|Any CPU
		{8C62B952-7C1E-4659-8EB5-F1A5BFE88237}.Debug|Any CPU.Build.0 = Debug|Any CPU
		{8C62B952-7C1E-4659-8EB5-F1A5BFE88237}.Release|Any CPU.ActiveCfg = Release|Any CPU
		{8C62B952-7C1E-4659-8EB5-F1A5BFE88237}.Release|Any CPU.Build.0 = Release|Any CPU
	EndGlobalSection
	GlobalSection(SolutionProperties) = preSolution
		HideSolutionNode = FALSE
	EndGlobalSection
	GlobalSection(NestedProjects) = preSolution
		{8225BACC-DFE5-4ED7-948C-6A95F65D9772} = {A854CAB5-BC57-4E81-8AEA-C0DD92D6431B}
		{8C62B952-7C1E-4659-8EB5-F1A5BFE88237} = {8EC97C92-7213-450C-ADD0-7487EA3DB769}
	EndGlobalSection
EndGlobal
